
Microsoft Visual Studio Solution File, Format Version 12.00
# Visual Studio Version 17
VisualStudioVersion = 17.13.35818.85
MinimumVisualStudioVersion = 10.0.40219.1
Project("{2150E333-8FDC-42A3-9474-1A3956D46DE8}") = "1. Repository Pattern", "1. Repository Pattern", "{02EA681E-C7D8-13C7-8484-4AC65E1B71E8}"
EndProject
Project("{FAE04EC0-301F-11D3-BF4B-00C04F79EFBC}") = "RepositoryPattern", "RepositoryPattern\RepositoryPattern.csproj", "{B6BF5508-3D21-4C5D-A4B4-3941DA64EFC1}"
EndProject
Project("{2150E333-8FDC-42A3-9474-1A3956D46DE8}") = "2. Unit of Work Pattern", "2. Unit of Work Pattern", "{5AD6E35B-E451-4A8E-8F03-009DDAF47CDB}"
EndProject
Project("{FAE04EC0-301F-11D3-BF4B-00C04F79EFBC}") = "UnitOfWorkPattern", "UnitOfWork\UnitOfWorkPattern.csproj", "{F1EA21AB-4BA6-4838-84F0-E306B89EE57C}"
EndProject
Project("{2150E333-8FDC-42A3-9474-1A3956D46DE8}") = "3. Singleton Pattern", "3. Singleton Pattern", "{532715E7-0B71-4792-8342-C5E38EA69DD5}"
EndProject
Project("{FAE04EC0-301F-11D3-BF4B-00C04F79EFBC}") = "SingletonPattern", "SingletonPattern\SingletonPattern.csproj", "{7B5D14AA-6C2E-41D5-8480-5E6A784FFB3B}"
EndProject
Project("{2150E333-8FDC-42A3-9474-1A3956D46DE8}") = "4. Factory Pattern", "4. Factory Pattern", "{49D36D3B-18D2-4533-BEE6-CEB87EE3B91A}"
EndProject
Project("{FAE04EC0-301F-11D3-BF4B-00C04F79EFBC}") = "FactoryPattern", "FactoryPattern\FactoryPattern.csproj", "{99B2CC0C-5EAA-416E-B631-3B01D2416635}"
EndProject
Project("{2150E333-8FDC-42A3-9474-1A3956D46DE8}") = "5. Observer Pattern", "5. Observer Pattern", "{33ED9098-0173-4E2F-8E79-1ADE6EFFD64F}"
EndProject
Project("{FAE04EC0-301F-11D3-BF4B-00C04F79EFBC}") = "ObserverPattern", "ObserverPattern\ObserverPattern.csproj", "{B3BAE7DB-3BB9-4471-B0E5-36DABFA6F70A}"
EndProject
Project("{2150E333-8FDC-42A3-9474-1A3956D46DE8}") = "6. MVVM Pattern", "6. MVVM Pattern", "{13608FB5-092F-4C4D-BA40-582728FBC9F9}"
EndProject
Project("{FAE04EC0-301F-11D3-BF4B-00C04F79EFBC}") = "MVVMPattern", "MVVMPattern\MVVMPattern.csproj", "{8F33113B-C840-49C9-B538-18531AD5C590}"
EndProject
Project("{2150E333-8FDC-42A3-9474-1A3956D46DE8}") = "7. Command Pattern", "7. Command Pattern", "{3D600DAB-CCBC-4033-A010-6907F3E5157C}"
EndProject
Project("{2150E333-8FDC-42A3-9474-1A3956D46DE8}") = "8. MVP Pattern", "8. MVP Pattern", "{EE7CD321-89AD-4D96-8788-4FD9176715F0}"
	ProjectSection(SolutionItems) = preProject
		MVVMPattern\Readme.md = MVVMPattern\Readme.md
	EndProjectSection
EndProject
Project("{FAE04EC0-301F-11D3-BF4B-00C04F79EFBC}") = "MVPPattern", "MVPPattern\MVPPattern.csproj", "{1F093417-7E6B-401E-AF10-44D435CEE953}"
EndProject
Global
	GlobalSection(SolutionConfigurationPlatforms) = preSolution
		Debug|Any CPU = Debug|Any CPU
		Release|Any CPU = Release|Any CPU
	EndGlobalSection
	GlobalSection(ProjectConfigurationPlatforms) = postSolution
		{B6BF5508-3D21-4C5D-A4B4-3941DA64EFC1}.Debug|Any CPU.ActiveCfg = Debug|Any CPU
		{B6BF5508-3D21-4C5D-A4B4-3941DA64EFC1}.Debug|Any CPU.Build.0 = Debug|Any CPU
		{B6BF5508-3D21-4C5D-A4B4-3941DA64EFC1}.Release|Any CPU.ActiveCfg = Release|Any CPU
		{B6BF5508-3D21-4C5D-A4B4-3941DA64EFC1}.Release|Any CPU.Build.0 = Release|Any CPU
		{F1EA21AB-4BA6-4838-84F0-E306B89EE57C}.Debug|Any CPU.ActiveCfg = Debug|Any CPU
		{F1EA21AB-4BA6-4838-84F0-E306B89EE57C}.Debug|Any CPU.Build.0 = Debug|Any CPU
		{F1EA21AB-4BA6-4838-84F0-E306B89EE57C}.Release|Any CPU.ActiveCfg = Release|Any CPU
		{F1EA21AB-4BA6-4838-84F0-E306B89EE57C}.Release|Any CPU.Build.0 = Release|Any CPU
		{7B5D14AA-6C2E-41D5-8480-5E6A784FFB3B}.Debug|Any CPU.ActiveCfg = Debug|Any CPU
		{7B5D14AA-6C2E-41D5-8480-5E6A784FFB3B}.Debug|Any CPU.Build.0 = Debug|Any CPU
		{7B5D14AA-6C2E-41D5-8480-5E6A784FFB3B}.Release|Any CPU.ActiveCfg = Release|Any CPU
		{7B5D14AA-6C2E-41D5-8480-5E6A784FFB3B}.Release|Any CPU.Build.0 = Release|Any CPU
		{99B2CC0C-5EAA-416E-B631-3B01D2416635}.Debug|Any CPU.ActiveCfg = Debug|Any CPU
		{99B2CC0C-5EAA-416E-B631-3B01D2416635}.Debug|Any CPU.Build.0 = Debug|Any CPU
		{99B2CC0C-5EAA-416E-B631-3B01D2416635}.Release|Any CPU.ActiveCfg = Release|Any CPU
		{99B2CC0C-5EAA-416E-B631-3B01D2416635}.Release|Any CPU.Build.0 = Release|Any CPU
		{B3BAE7DB-3BB9-4471-B0E5-36DABFA6F70A}.Debug|Any CPU.ActiveCfg = Debug|Any CPU
		{B3BAE7DB-3BB9-4471-B0E5-36DABFA6F70A}.Debug|Any CPU.Build.0 = Debug|Any CPU
		{B3BAE7DB-3BB9-4471-B0E5-36DABFA6F70A}.Release|Any CPU.ActiveCfg = Release|Any CPU
		{B3BAE7DB-3BB9-4471-B0E5-36DABFA6F70A}.Release|Any CPU.Build.0 = Release|Any CPU
		{8F33113B-C840-49C9-B538-18531AD5C590}.Debug|Any CPU.ActiveCfg = Debug|Any CPU
		{8F33113B-C840-49C9-B538-18531AD5C590}.Debug|Any CPU.Build.0 = Debug|Any CPU
		{8F33113B-C840-49C9-B538-18531AD5C590}.Release|Any CPU.ActiveCfg = Release|Any CPU
		{8F33113B-C840-49C9-B538-18531AD5C590}.Release|Any CPU.Build.0 = Release|Any CPU
		{1F093417-7E6B-401E-AF10-44D435CEE953}.Debug|Any CPU.ActiveCfg = Debug|Any CPU
		{1F093417-7E6B-401E-AF10-44D435CEE953}.Debug|Any CPU.Build.0 = Debug|Any CPU
		{1F093417-7E6B-401E-AF10-44D435CEE953}.Release|Any CPU.ActiveCfg = Release|Any CPU
		{1F093417-7E6B-401E-AF10-44D435CEE953}.Release|Any CPU.Build.0 = Release|Any CPU
	EndGlobalSection
	GlobalSection(SolutionProperties) = preSolution
		HideSolutionNode = FALSE
	EndGlobalSection
	GlobalSection(NestedProjects) = preSolution
		{B6BF5508-3D21-4C5D-A4B4-3941DA64EFC1} = {02EA681E-C7D8-13C7-8484-4AC65E1B71E8}
		{F1EA21AB-4BA6-4838-84F0-E306B89EE57C} = {5AD6E35B-E451-4A8E-8F03-009DDAF47CDB}
		{7B5D14AA-6C2E-41D5-8480-5E6A784FFB3B} = {532715E7-0B71-4792-8342-C5E38EA69DD5}
		{99B2CC0C-5EAA-416E-B631-3B01D2416635} = {49D36D3B-18D2-4533-BEE6-CEB87EE3B91A}
		{B3BAE7DB-3BB9-4471-B0E5-36DABFA6F70A} = {33ED9098-0173-4E2F-8E79-1ADE6EFFD64F}
		{8F33113B-C840-49C9-B538-18531AD5C590} = {13608FB5-092F-4C4D-BA40-582728FBC9F9}
		{1F093417-7E6B-401E-AF10-44D435CEE953} = {EE7CD321-89AD-4D96-8788-4FD9176715F0}
	EndGlobalSection
	GlobalSection(ExtensibilityGlobals) = postSolution
		SolutionGuid = {62C98E83-9EF7-4AE7-80CF-C56CE38616C4}
	EndGlobalSection
EndGlobal
